
Microsoft Visual Studio Solution File, Format Version 12.00
# Visual Studio Version 17
VisualStudioVersion = 17.10.35013.160
MinimumVisualStudioVersion = 10.0.40219.1
Project("{FAE04EC0-301F-11D3-BF4B-00C04F79EFBC}") = "AzureSubscriptionVendor", "AzureSubscriptionVendor\AzureSubscriptionVendor.csproj", "{54C99B03-895A-4996-AEDA-EE1FFAA88EDC}"
EndProject
Global
	GlobalSection(SolutionConfigurationPlatforms) = preSolution
		Debug|Any CPU = Debug|Any CPU
		Release|Any CPU = Release|Any CPU
	EndGlobalSection
	GlobalSection(ProjectConfigurationPlatforms) = postSolution
		{54C99B03-895A-4996-AEDA-EE1FFAA88EDC}.Debug|Any CPU.ActiveCfg = Debug|Any CPU
		{54C99B03-895A-4996-AEDA-EE1FFAA88EDC}.Debug|Any CPU.Build.0 = Debug|Any CPU
		{54C99B03-895A-4996-AEDA-EE1FFAA88EDC}.Release|Any CPU.ActiveCfg = Release|Any CPU
		{54C99B03-895A-4996-AEDA-EE1FFAA88EDC}.Release|Any CPU.Build.0 = Release|Any CPU
	EndGlobalSection
	GlobalSection(SolutionProperties) = preSolution
		HideSolutionNode = FALSE
	EndGlobalSection
	GlobalSection(ExtensibilityGlobals) = postSolution
		SolutionGuid = {0DE3CA24-8FB8-46F5-9891-D24D72E6324D}
	EndGlobalSection
EndGlobal
